
Microsoft Visual Studio Solution File, Format Version 12.00
# Visual Studio Version 16
VisualStudioVersion = 16.0.31321.278
MinimumVisualStudioVersion = 10.0.40219.1
Project("{FAE04EC0-301F-11D3-BF4B-00C04F79EFBC}") = "WhileDo", "WhileDo\WhileDo.csproj", "{DBEE04CE-478A-4611-9AA0-68E21E505430}"
EndProject
Global
	GlobalSection(SolutionConfigurationPlatforms) = preSolution
		Debug|Any CPU = Debug|Any CPU
		Release|Any CPU = Release|Any CPU
	EndGlobalSection
	GlobalSection(ProjectConfigurationPlatforms) = postSolution
		{DBEE04CE-478A-4611-9AA0-68E21E505430}.Debug|Any CPU.ActiveCfg = Debug|Any CPU
		{DBEE04CE-478A-4611-9AA0-68E21E505430}.Debug|Any CPU.Build.0 = Debug|Any CPU
		{DBEE04CE-478A-4611-9AA0-68E21E505430}.Release|Any CPU.ActiveCfg = Release|Any CPU
		{DBEE04CE-478A-4611-9AA0-68E21E505430}.Release|Any CPU.Build.0 = Release|Any CPU
	EndGlobalSection
	GlobalSection(SolutionProperties) = preSolution
		HideSolutionNode = FALSE
	EndGlobalSection
	GlobalSection(ExtensibilityGlobals) = postSolution
		SolutionGuid = {8FD48D03-F1DD-42B1-A296-4583E399C10C}
	EndGlobalSection
EndGlobal
