
Microsoft Visual Studio Solution File, Format Version 12.00
# Visual Studio Version 16
VisualStudioVersion = 16.0.31321.278
MinimumVisualStudioVersion = 10.0.40219.1
Project("{FAE04EC0-301F-11D3-BF4B-00C04F79EFBC}") = "CarInsurance", "CarInsurance\CarInsurance.csproj", "{4AB90AA3-7B02-4A9F-BEE7-A34DDB737332}"
EndProject
Global
	GlobalSection(SolutionConfigurationPlatforms) = preSolution
		Debug|Any CPU = Debug|Any CPU
		Release|Any CPU = Release|Any CPU
	EndGlobalSection
	GlobalSection(ProjectConfigurationPlatforms) = postSolution
		{4AB90AA3-7B02-4A9F-BEE7-A34DDB737332}.Debug|Any CPU.ActiveCfg = Debug|Any CPU
		{4AB90AA3-7B02-4A9F-BEE7-A34DDB737332}.Debug|Any CPU.Build.0 = Debug|Any CPU
		{4AB90AA3-7B02-4A9F-BEE7-A34DDB737332}.Release|Any CPU.ActiveCfg = Release|Any CPU
		{4AB90AA3-7B02-4A9F-BEE7-A34DDB737332}.Release|Any CPU.Build.0 = Release|Any CPU
	EndGlobalSection
	GlobalSection(SolutionProperties) = preSolution
		HideSolutionNode = FALSE
	EndGlobalSection
	GlobalSection(ExtensibilityGlobals) = postSolution
		SolutionGuid = {423DDB9D-63FA-486A-BC57-246E218EE9EB}
	EndGlobalSection
EndGlobal
