
Microsoft Visual Studio Solution File, Format Version 12.00
# Visual Studio Version 16
VisualStudioVersion = 16.0.31321.278
MinimumVisualStudioVersion = 10.0.40219.1
Project("{FAE04EC0-301F-11D3-BF4B-00C04F79EFBC}") = "StringAssignment", "StringAssignment\StringAssignment.csproj", "{3E150BC9-19C6-4234-9942-2C4370A7376B}"
EndProject
Global
	GlobalSection(SolutionConfigurationPlatforms) = preSolution
		Debug|Any CPU = Debug|Any CPU
		Release|Any CPU = Release|Any CPU
	EndGlobalSection
	GlobalSection(ProjectConfigurationPlatforms) = postSolution
		{3E150BC9-19C6-4234-9942-2C4370A7376B}.Debug|Any CPU.ActiveCfg = Debug|Any CPU
		{3E150BC9-19C6-4234-9942-2C4370A7376B}.Debug|Any CPU.Build.0 = Debug|Any CPU
		{3E150BC9-19C6-4234-9942-2C4370A7376B}.Release|Any CPU.ActiveCfg = Release|Any CPU
		{3E150BC9-19C6-4234-9942-2C4370A7376B}.Release|Any CPU.Build.0 = Release|Any CPU
	EndGlobalSection
	GlobalSection(SolutionProperties) = preSolution
		HideSolutionNode = FALSE
	EndGlobalSection
	GlobalSection(ExtensibilityGlobals) = postSolution
		SolutionGuid = {A415130E-7B12-4616-A018-B050015FF51D}
	EndGlobalSection
EndGlobal
