
Microsoft Visual Studio Solution File, Format Version 12.00
# Visual Studio Version 16
VisualStudioVersion = 16.0.31321.278
MinimumVisualStudioVersion = 10.0.40219.1
Project("{FAE04EC0-301F-11D3-BF4B-00C04F79EFBC}") = "Acme", "Acme\Acme.csproj", "{14C09893-577F-47F3-B6D9-67B92C8B1A44}"
EndProject
Global
	GlobalSection(SolutionConfigurationPlatforms) = preSolution
		Debug|Any CPU = Debug|Any CPU
		Release|Any CPU = Release|Any CPU
	EndGlobalSection
	GlobalSection(ProjectConfigurationPlatforms) = postSolution
		{14C09893-577F-47F3-B6D9-67B92C8B1A44}.Debug|Any CPU.ActiveCfg = Debug|Any CPU
		{14C09893-577F-47F3-B6D9-67B92C8B1A44}.Debug|Any CPU.Build.0 = Debug|Any CPU
		{14C09893-577F-47F3-B6D9-67B92C8B1A44}.Release|Any CPU.ActiveCfg = Release|Any CPU
		{14C09893-577F-47F3-B6D9-67B92C8B1A44}.Release|Any CPU.Build.0 = Release|Any CPU
	EndGlobalSection
	GlobalSection(SolutionProperties) = preSolution
		HideSolutionNode = FALSE
	EndGlobalSection
	GlobalSection(ExtensibilityGlobals) = postSolution
		SolutionGuid = {466D0D6F-DA28-4E64-8FDF-6B16C0D7F28E}
	EndGlobalSection
EndGlobal
