
Microsoft Visual Studio Solution File, Format Version 12.00
# Visual Studio Version 16
VisualStudioVersion = 16.0.31321.278
MinimumVisualStudioVersion = 10.0.40219.1
Project("{FAE04EC0-301F-11D3-BF4B-00C04F79EFBC}") = "MethodClass", "MethodClass\MethodClass.csproj", "{7699FF22-7AE3-4A81-B152-7977F0F236B0}"
EndProject
Global
	GlobalSection(SolutionConfigurationPlatforms) = preSolution
		Debug|Any CPU = Debug|Any CPU
		Release|Any CPU = Release|Any CPU
	EndGlobalSection
	GlobalSection(ProjectConfigurationPlatforms) = postSolution
		{7699FF22-7AE3-4A81-B152-7977F0F236B0}.Debug|Any CPU.ActiveCfg = Debug|Any CPU
		{7699FF22-7AE3-4A81-B152-7977F0F236B0}.Debug|Any CPU.Build.0 = Debug|Any CPU
		{7699FF22-7AE3-4A81-B152-7977F0F236B0}.Release|Any CPU.ActiveCfg = Release|Any CPU
		{7699FF22-7AE3-4A81-B152-7977F0F236B0}.Release|Any CPU.Build.0 = Release|Any CPU
	EndGlobalSection
	GlobalSection(SolutionProperties) = preSolution
		HideSolutionNode = FALSE
	EndGlobalSection
	GlobalSection(ExtensibilityGlobals) = postSolution
		SolutionGuid = {5E3B29E9-BEE5-4233-979B-B8E1E79EE261}
	EndGlobalSection
EndGlobal
